<Solution>
  <Folder Name="/SlnfGen/">
    <Project Path="SlnfGen.App.Configuration/SlnfGen.App.Configuration.csproj" />
    <Project Path="SlnfGen.App.Console/SlnfGen.App.Console.csproj" />
  </Folder>
  <Folder Name="/Solution/">
    <File Path="../.gitignore" />
    <File Path=".editorconfig" />
    <File Path="Directory.Build.Props" />
    <File Path="Directory.Packages.Props" />
  </Folder>
</Solution>
